
Microsoft Visual Studio Solution File, Format Version 12.00
# Visual Studio Version 17
VisualStudioVersion = 17.10.35013.160
MinimumVisualStudioVersion = 10.0.40219.1
Project("{FAE04EC0-301F-11D3-BF4B-00C04F79EFBC}") = "Core", "Core\Core.csproj", "{EA7C96AC-0B00-4C5E-9623-57026E187768}"
EndProject
Global
	GlobalSection(SolutionConfigurationPlatforms) = preSolution
		Debug|Any CPU = Debug|Any CPU
		Release|Any CPU = Release|Any CPU
	EndGlobalSection
	GlobalSection(ProjectConfigurationPlatforms) = postSolution
		{EA7C96AC-0B00-4C5E-9623-57026E187768}.Debug|Any CPU.ActiveCfg = Debug|Any CPU
		{EA7C96AC-0B00-4C5E-9623-57026E187768}.Debug|Any CPU.Build.0 = Debug|Any CPU
		{EA7C96AC-0B00-4C5E-9623-57026E187768}.Release|Any CPU.ActiveCfg = Release|Any CPU
		{EA7C96AC-0B00-4C5E-9623-57026E187768}.Release|Any CPU.Build.0 = Release|Any CPU
	EndGlobalSection
	GlobalSection(SolutionProperties) = preSolution
		HideSolutionNode = FALSE
	EndGlobalSection
	GlobalSection(ExtensibilityGlobals) = postSolution
		SolutionGuid = {D7171C35-E084-490A-9609-B5CBC66118D8}
	EndGlobalSection
EndGlobal
